// !$*UTF8*$!
{
	archiveVersion = 1;
	classes = {
	};
	objectVersion = 56;
	objects = {

/* Begin PBXBuildFile section */
		5D42FCDD2ADD6595004C32CB /* AppDelegate.swift in Sources */ = {isa = PBXBuildFile; fileRef = 5D42FCDC2ADD6595004C32CB /* AppDelegate.swift */; };
		5D42FCDF2ADD6595004C32CB /* SceneDelegate.swift in Sources */ = {isa = PBXBuildFile; fileRef = 5D42FCDE2ADD6595004C32CB /* SceneDelegate.swift */; };
		5D42FCE12ADD6595004C32CB /* ViewController.swift in Sources */ = {isa = PBXBuildFile; fileRef = 5D42FCE02ADD6595004C32CB /* ViewController.swift */; };
		5D42FCE42ADD6595004C32CB /* Main.storyboard in Resources */ = {isa = PBXBuildFile; fileRef = 5D42FCE22ADD6595004C32CB /* Main.storyboard */; };
		5D42FCE62ADD6597004C32CB /* Assets.xcassets in Resources */ = {isa = PBXBuildFile; fileRef = 5D42FCE52ADD6597004C32CB /* Assets.xcassets */; };
		5D42FCE92ADD6597004C32CB /* LaunchScreen.storyboard in Resources */ = {isa = PBXBuildFile; fileRef = 5D42FCE72ADD6597004C32CB /* LaunchScreen.storyboard */; };
		5D42FCF22ADD6651004C32CB /* TaskProvider.swift in Sources */ = {isa = PBXBuildFile; fileRef = 5D42FCF12ADD6651004C32CB /* TaskProvider.swift */; };
		5D42FCF52ADD7A99004C32CB /* TaskModel.swift in Sources */ = {isa = PBXBuildFile; fileRef = 5D42FCF42ADD7A99004C32CB /* TaskModel.swift */; };
		5D42FCF72ADD8399004C32CB /* SecondViewController.swift in Sources */ = {isa = PBXBuildFile; fileRef = 5D42FCF62ADD8399004C32CB /* SecondViewController.swift */; };
		5D42FCF92ADD83CB004C32CB /* enumSegue.swift in Sources */ = {isa = PBXBuildFile; fileRef = 5D42FCF82ADD83CB004C32CB /* enumSegue.swift */; };
/* End PBXBuildFile section */

/* Begin PBXFileReference section */
		5D42FCD92ADD6595004C32CB /* TableViewSimpleCell.app */ = {isa = PBXFileReference; explicitFileType = wrapper.application; includeInIndex = 0; path = TableViewSimpleCell.app; sourceTree = BUILT_PRODUCTS_DIR; };
		5D42FCDC2ADD6595004C32CB /* AppDelegate.swift */ = {isa = PBXFileReference; lastKnownFileType = sourcecode.swift; path = AppDelegate.swift; sourceTree = "<group>"; };
		5D42FCDE2ADD6595004C32CB /* SceneDelegate.swift */ = {isa = PBXFileReference; lastKnownFileType = sourcecode.swift; path = SceneDelegate.swift; sourceTree = "<group>"; };
		5D42FCE02ADD6595004C32CB /* ViewController.swift */ = {isa = PBXFileReference; lastKnownFileType = sourcecode.swift; path = ViewController.swift; sourceTree = "<group>"; };
		5D42FCE32ADD6595004C32CB /* Base */ = {isa = PBXFileReference; lastKnownFileType = file.storyboard; name = Base; path = Base.lproj/Main.storyboard; sourceTree = "<group>"; };
		5D42FCE52ADD6597004C32CB /* Assets.xcassets */ = {isa = PBXFileReference; lastKnownFileType = folder.assetcatalog; path = Assets.xcassets; sourceTree = "<group>"; };
		5D42FCE82ADD6597004C32CB /* Base */ = {isa = PBXFileReference; lastKnownFileType = file.storyboard; name = Base; path = Base.lproj/LaunchScreen.storyboard; sourceTree = "<group>"; };
		5D42FCEA2ADD6597004C32CB /* Info.plist */ = {isa = PBXFileReference; lastKnownFileType = text.plist.xml; path = Info.plist; sourceTree = "<group>"; };
		5D42FCF12ADD6651004C32CB /* TaskProvider.swift */ = {isa = PBXFileReference; lastKnownFileType = sourcecode.swift; path = TaskProvider.swift; sourceTree = "<group>"; };
		5D42FCF42ADD7A99004C32CB /* TaskModel.swift */ = {isa = PBXFileReference; lastKnownFileType = sourcecode.swift; path = TaskModel.swift; sourceTree = "<group>"; };
		5D42FCF62ADD8399004C32CB /* SecondViewController.swift */ = {isa = PBXFileReference; lastKnownFileType = sourcecode.swift; path = SecondViewController.swift; sourceTree = "<group>"; };
		5D42FCF82ADD83CB004C32CB /* enumSegue.swift */ = {isa = PBXFileReference; lastKnownFileType = sourcecode.swift; path = enumSegue.swift; sourceTree = "<group>"; };
/* End PBXFileReference section */

/* Begin PBXFrameworksBuildPhase section */
		5D42FCD62ADD6595004C32CB /* Frameworks */ = {
			isa = PBXFrameworksBuildPhase;
			buildActionMask = 2147483647;
			files = (
			);
			runOnlyForDeploymentPostprocessing = 0;
		};
/* End PBXFrameworksBuildPhase section */

/* Begin PBXGroup section */
		5D42FCD02ADD6595004C32CB = {
			isa = PBXGroup;
			children = (
				5D42FCDB2ADD6595004C32CB /* TableViewSimpleCell */,
				5D42FCDA2ADD6595004C32CB /* Products */,
			);
			sourceTree = "<group>";
		};
		5D42FCDA2ADD6595004C32CB /* Products */ = {
			isa = PBXGroup;
			children = (
				5D42FCD92ADD6595004C32CB /* TableViewSimpleCell.app */,
			);
			name = Products;
			sourceTree = "<group>";
		};
		5D42FCDB2ADD6595004C32CB /* TableViewSimpleCell */ = {
			isa = PBXGroup;
			children = (
				5D42FCFA2ADD8435004C32CB /* Source */,
				5D42FCF32ADD7A5A004C32CB /* Model */,
				5D42FCF02ADD65F0004C32CB /* Service */,
				5D42FCDC2ADD6595004C32CB /* AppDelegate.swift */,
				5D42FCDE2ADD6595004C32CB /* SceneDelegate.swift */,
				5D42FCE02ADD6595004C32CB /* ViewController.swift */,
				5D42FCF62ADD8399004C32CB /* SecondViewController.swift */,
				5D42FCE22ADD6595004C32CB /* Main.storyboard */,
				5D42FCE52ADD6597004C32CB /* Assets.xcassets */,
				5D42FCE72ADD6597004C32CB /* LaunchScreen.storyboard */,
				5D42FCEA2ADD6597004C32CB /* Info.plist */,
			);
			path = TableViewSimpleCell;
			sourceTree = "<group>";
		};
		5D42FCF02ADD65F0004C32CB /* Service */ = {
			isa = PBXGroup;
			children = (
				5D42FCF12ADD6651004C32CB /* TaskProvider.swift */,
			);
			path = Service;
			sourceTree = "<group>";
		};
		5D42FCF32ADD7A5A004C32CB /* Model */ = {
			isa = PBXGroup;
			children = (
				5D42FCF42ADD7A99004C32CB /* TaskModel.swift */,
			);
			path = Model;
			sourceTree = "<group>";
		};
		5D42FCFA2ADD8435004C32CB /* Source */ = {
			isa = PBXGroup;
			children = (
				5D42FCF82ADD83CB004C32CB /* enumSegue.swift */,
			);
			path = Source;
			sourceTree = "<group>";
		};
/* End PBXGroup section */

/* Begin PBXNativeTarget section */
		5D42FCD82ADD6595004C32CB /* TableViewSimpleCell */ = {
			isa = PBXNativeTarget;
			buildConfigurationList = 5D42FCED2ADD6597004C32CB /* Build configuration list for PBXNativeTarget "TableViewSimpleCell" */;
			buildPhases = (
				5D42FCD52ADD6595004C32CB /* Sources */,
				5D42FCD62ADD6595004C32CB /* Frameworks */,
				5D42FCD72ADD6595004C32CB /* Resources */,
			);
			buildRules = (
			);
			dependencies = (
			);
			name = TableViewSimpleCell;
			productName = TableViewSimpleCell;
			productReference = 5D42FCD92ADD6595004C32CB /* TableViewSimpleCell.app */;
			productType = "com.apple.product-type.application";
		};
/* End PBXNativeTarget section */

/* Begin PBXProject section */
		5D42FCD12ADD6595004C32CB /* Project object */ = {
			isa = PBXProject;
			attributes = {
				BuildIndependentTargetsInParallel = 1;
				LastSwiftUpdateCheck = 1430;
				LastUpgradeCheck = 1430;
				TargetAttributes = {
					5D42FCD82ADD6595004C32CB = {
						CreatedOnToolsVersion = 14.3;
					};
				};
			};
			buildConfigurationList = 5D42FCD42ADD6595004C32CB /* Build configuration list for PBXProject "TableViewSimpleCell" */;
			compatibilityVersion = "Xcode 14.0";
			developmentRegion = en;
			hasScannedForEncodings = 0;
			knownRegions = (
				en,
				Base,
			);
			mainGroup = 5D42FCD02ADD6595004C32CB;
			productRefGroup = 5D42FCDA2ADD6595004C32CB /* Products */;
			projectDirPath = "";
			projectRoot = "";
			targets = (
				5D42FCD82ADD6595004C32CB /* TableViewSimpleCell */,
			);
		};
/* End PBXProject section */

/* Begin PBXResourcesBuildPhase section */
		5D42FCD72ADD6595004C32CB /* Resources */ = {
			isa = PBXResourcesBuildPhase;
			buildActionMask = 2147483647;
			files = (
				5D42FCE92ADD6597004C32CB /* LaunchScreen.storyboard in Resources */,
				5D42FCE62ADD6597004C32CB /* Assets.xcassets in Resources */,
				5D42FCE42ADD6595004C32CB /* Main.storyboard in Resources */,
			);
			runOnlyForDeploymentPostprocessing = 0;
		};
/* End PBXResourcesBuildPhase section */

/* Begin PBXSourcesBuildPhase section */
		5D42FCD52ADD6595004C32CB /* Sources */ = {
			isa = PBXSourcesBuildPhase;
			buildActionMask = 2147483647;
			files = (
				5D42FCF72ADD8399004C32CB /* SecondViewController.swift in Sources */,
				5D42FCE12ADD6595004C32CB /* ViewController.swift in Sources */,
				5D42FCDD2ADD6595004C32CB /* AppDelegate.swift in Sources */,
				5D42FCF52ADD7A99004C32CB /* TaskModel.swift in Sources */,
				5D42FCF92ADD83CB004C32CB /* enumSegue.swift in Sources */,
				5D42FCDF2ADD6595004C32CB /* SceneDelegate.swift in Sources */,
				5D42FCF22ADD6651004C32CB /* TaskProvider.swift in Sources */,
			);
			runOnlyForDeploymentPostprocessing = 0;
		};
/* End PBXSourcesBuildPhase section */

/* Begin PBXVariantGroup section */
		5D42FCE22ADD6595004C32CB /* Main.storyboard */ = {
			isa = PBXVariantGroup;
			children = (
				5D42FCE32ADD6595004C32CB /* Base */,
			);
			name = Main.storyboard;
			sourceTree = "<group>";
		};
		5D42FCE72ADD6597004C32CB /* LaunchScreen.storyboard */ = {
			isa = PBXVariantGroup;
			children = (
				5D42FCE82ADD6597004C32CB /* Base */,
			);
			name = LaunchScreen.storyboard;
			sourceTree = "<group>";
		};
/* End PBXVariantGroup section */

/* Begin XCBuildConfiguration section */
		5D42FCEB2ADD6597004C32CB /* Debug */ = {
			isa = XCBuildConfiguration;
			buildSettings = {
				ALWAYS_SEARCH_USER_PATHS = NO;
				CLANG_ANALYZER_NONNULL = YES;
				CLANG_ANALYZER_NUMBER_OBJECT_CONVERSION = YES_AGGRESSIVE;
				CLANG_CXX_LANGUAGE_STANDARD = "gnu++20";
				CLANG_ENABLE_MODULES = YES;
				CLANG_ENABLE_OBJC_ARC = YES;
				CLANG_ENABLE_OBJC_WEAK = YES;
				CLANG_WARN_BLOCK_CAPTURE_AUTORELEASING = YES;
				CLANG_WARN_BOOL_CONVERSION = YES;
				CLANG_WARN_COMMA = YES;
				CLANG_WARN_CONSTANT_CONVERSION = YES;
				CLANG_WARN_DEPRECATED_OBJC_IMPLEMENTATIONS = YES;
				CLANG_WARN_DIRECT_OBJC_ISA_USAGE = YES_ERROR;
				CLANG_WARN_DOCUMENTATION_COMMENTS = YES;
				CLANG_WARN_EMPTY_BODY = YES;
				CLANG_WARN_ENUM_CONVERSION = YES;
				CLANG_WARN_INFINITE_RECURSION = YES;
				CLANG_WARN_INT_CONVERSION = YES;
				CLANG_WARN_NON_LITERAL_NULL_CONVERSION = YES;
				CLANG_WARN_OBJC_IMPLICIT_RETAIN_SELF = YES;
				CLANG_WARN_OBJC_LITERAL_CONVERSION = YES;
				CLANG_WARN_OBJC_ROOT_CLASS = YES_ERROR;
				CLANG_WARN_QUOTED_INCLUDE_IN_FRAMEWORK_HEADER = YES;
				CLANG_WARN_RANGE_LOOP_ANALYSIS = YES;
				CLANG_WARN_STRICT_PROTOTYPES = YES;
				CLANG_WARN_SUSPICIOUS_MOVE = YES;
				CLANG_WARN_UNGUARDED_AVAILABILITY = YES_AGGRESSIVE;
				CLANG_WARN_UNREACHABLE_CODE = YES;
				CLANG_WARN__DUPLICATE_METHOD_MATCH = YES;
				COPY_PHASE_STRIP = NO;
				DEBUG_INFORMATION_FORMAT = dwarf;
				ENABLE_STRICT_OBJC_MSGSEND = YES;
				ENABLE_TESTABILITY = YES;
				GCC_C_LANGUAGE_STANDARD = gnu11;
				GCC_DYNAMIC_NO_PIC = NO;
				GCC_NO_COMMON_BLOCKS = YES;
				GCC_OPTIMIZATION_LEVEL = 0;
				GCC_PREPROCESSOR_DEFINITIONS = (
					"DEBUG=1",
					"$(inherited)",
				);
				GCC_WARN_64_TO_32_BIT_CONVERSION = YES;
				GCC_WARN_ABOUT_RETURN_TYPE = YES_ERROR;
				GCC_WARN_UNDECLARED_SELECTOR = YES;
				GCC_WARN_UNINITIALIZED_AUTOS = YES_AGGRESSIVE;
				GCC_WARN_UNUSED_FUNCTION = YES;
				GCC_WARN_UNUSED_VARIABLE = YES;
				IPHONEOS_DEPLOYMENT_TARGET = 16.4;
				MTL_ENABLE_DEBUG_INFO = INCLUDE_SOURCE;
				MTL_FAST_MATH = YES;
				ONLY_ACTIVE_ARCH = YES;
				SDKROOT = iphoneos;
				SWIFT_ACTIVE_COMPILATION_CONDITIONS = DEBUG;
				SWIFT_OPTIMIZATION_LEVEL = "-Onone";
			};
			name = Debug;
		};
		5D42FCEC2ADD6597004C32CB /* Release */ = {
			isa = XCBuildConfiguration;
			buildSettings = {
				ALWAYS_SEARCH_USER_PATHS = NO;
				CLANG_ANALYZER_NONNULL = YES;
				CLANG_ANALYZER_NUMBER_OBJECT_CONVERSION = YES_AGGRESSIVE;
				CLANG_CXX_LANGUAGE_STANDARD = "gnu++20";
				CLANG_ENABLE_MODULES = YES;
				CLANG_ENABLE_OBJC_ARC = YES;
				CLANG_ENABLE_OBJC_WEAK = YES;
				CLANG_WARN_BLOCK_CAPTURE_AUTORELEASING = YES;
				CLANG_WARN_BOOL_CONVERSION = YES;
				CLANG_WARN_COMMA = YES;
				CLANG_WARN_CONSTANT_CONVERSION = YES;
				CLANG_WARN_DEPRECATED_OBJC_IMPLEMENTATIONS = YES;
				CLANG_WARN_DIRECT_OBJC_ISA_USAGE = YES_ERROR;
				CLANG_WARN_DOCUMENTATION_COMMENTS = YES;
				CLANG_WARN_EMPTY_BODY = YES;
				CLANG_WARN_ENUM_CONVERSION = YES;
				CLANG_WARN_INFINITE_RECURSION = YES;
				CLANG_WARN_INT_CONVERSION = YES;
				CLANG_WARN_NON_LITERAL_NULL_CONVERSION = YES;
				CLANG_WARN_OBJC_IMPLICIT_RETAIN_SELF = YES;
				CLANG_WARN_OBJC_LITERAL_CONVERSION = YES;
				CLANG_WARN_OBJC_ROOT_CLASS = YES_ERROR;
				CLANG_WARN_QUOTED_INCLUDE_IN_FRAMEWORK_HEADER = YES;
				CLANG_WARN_RANGE_LOOP_ANALYSIS = YES;
				CLANG_WARN_STRICT_PROTOTYPES = YES;
				CLANG_WARN_SUSPICIOUS_MOVE = YES;
				CLANG_WARN_UNGUARDED_AVAILABILITY = YES_AGGRESSIVE;
				CLANG_WARN_UNREACHABLE_CODE = YES;
				CLANG_WARN__DUPLICATE_METHOD_MATCH = YES;
				COPY_PHASE_STRIP = NO;
				DEBUG_INFORMATION_FORMAT = "dwarf-with-dsym";
				ENABLE_NS_ASSERTIONS = NO;
				ENABLE_STRICT_OBJC_MSGSEND = YES;
				GCC_C_LANGUAGE_STANDARD = gnu11;
				GCC_NO_COMMON_BLOCKS = YES;
				GCC_WARN_64_TO_32_BIT_CONVERSION = YES;
				GCC_WARN_ABOUT_RETURN_TYPE = YES_ERROR;
				GCC_WARN_UNDECLARED_SELECTOR = YES;
				GCC_WARN_UNINITIALIZED_AUTOS = YES_AGGRESSIVE;
				GCC_WARN_UNUSED_FUNCTION = YES;
				GCC_WARN_UNUSED_VARIABLE = YES;
				IPHONEOS_DEPLOYMENT_TARGET = 16.4;
				MTL_ENABLE_DEBUG_INFO = NO;
				MTL_FAST_MATH = YES;
				SDKROOT = iphoneos;
				SWIFT_COMPILATION_MODE = wholemodule;
				SWIFT_OPTIMIZATION_LEVEL = "-O";
				VALIDATE_PRODUCT = YES;
			};
			name = Release;
		};
		5D42FCEE2ADD6597004C32CB /* Debug */ = {
			isa = XCBuildConfiguration;
			buildSettings = {
				ASSETCATALOG_COMPILER_APPICON_NAME = AppIcon;
				ASSETCATALOG_COMPILER_GLOBAL_ACCENT_COLOR_NAME = AccentColor;
				CODE_SIGN_STYLE = Automatic;
				CURRENT_PROJECT_VERSION = 1;
				GENERATE_INFOPLIST_FILE = YES;
				INFOPLIST_FILE = TableViewSimpleCell/Info.plist;
				INFOPLIST_KEY_UIApplicationSupportsIndirectInputEvents = YES;
				INFOPLIST_KEY_UILaunchStoryboardName = LaunchScreen;
				INFOPLIST_KEY_UIMainStoryboardFile = Main;
				INFOPLIST_KEY_UISupportedInterfaceOrientations_iPad = "UIInterfaceOrientationPortrait UIInterfaceOrientationPortraitUpsideDown UIInterfaceOrientationLandscapeLeft UIInterfaceOrientationLandscapeRight";
				INFOPLIST_KEY_UISupportedInterfaceOrientations_iPhone = "UIInterfaceOrientationPortrait UIInterfaceOrientationLandscapeLeft UIInterfaceOrientationLandscapeRight";
				LD_RUNPATH_SEARCH_PATHS = (
					"$(inherited)",
					"@executable_path/Frameworks",
				);
				MARKETING_VERSION = 1.0;
				PRODUCT_BUNDLE_IDENTIFIER = silva.kathleen.TableViewSimpleCell;
				PRODUCT_NAME = "$(TARGET_NAME)";
				SWIFT_EMIT_LOC_STRINGS = YES;
				SWIFT_VERSION = 5.0;
				TARGETED_DEVICE_FAMILY = "1,2";
			};
			name = Debug;
		};
		5D42FCEF2ADD6597004C32CB /* Release */ = {
			isa = XCBuildConfiguration;
			buildSettings = {
				ASSETCATALOG_COMPILER_APPICON_NAME = AppIcon;
				ASSETCATALOG_COMPILER_GLOBAL_ACCENT_COLOR_NAME = AccentColor;
				CODE_SIGN_STYLE = Automatic;
				CURRENT_PROJECT_VERSION = 1;
				GENERATE_INFOPLIST_FILE = YES;
				INFOPLIST_FILE = TableViewSimpleCell/Info.plist;
				INFOPLIST_KEY_UIApplicationSupportsIndirectInputEvents = YES;
				INFOPLIST_KEY_UILaunchStoryboardName = LaunchScreen;
				INFOPLIST_KEY_UIMainStoryboardFile = Main;
				INFOPLIST_KEY_UISupportedInterfaceOrientations_iPad = "UIInterfaceOrientationPortrait UIInterfaceOrientationPortraitUpsideDown UIInterfaceOrientationLandscapeLeft UIInterfaceOrientationLandscapeRight";
				INFOPLIST_KEY_UISupportedInterfaceOrientations_iPhone = "UIInterfaceOrientationPortrait UIInterfaceOrientationLandscapeLeft UIInterfaceOrientationLandscapeRight";
				LD_RUNPATH_SEARCH_PATHS = (
					"$(inherited)",
					"@executable_path/Frameworks",
				);
				MARKETING_VERSION = 1.0;
				PRODUCT_BUNDLE_IDENTIFIER = silva.kathleen.TableViewSimpleCell;
				PRODUCT_NAME = "$(TARGET_NAME)";
				SWIFT_EMIT_LOC_STRINGS = YES;
				SWIFT_VERSION = 5.0;
				TARGETED_DEVICE_FAMILY = "1,2";
			};
			name = Release;
		};
/* End XCBuildConfiguration section */

/* Begin XCConfigurationList section */
		5D42FCD42ADD6595004C32CB /* Build configuration list for PBXProject "TableViewSimpleCell" */ = {
			isa = XCConfigurationList;
			buildConfigurations = (
				5D42FCEB2ADD6597004C32CB /* Debug */,
				5D42FCEC2ADD6597004C32CB /* Release */,
			);
			defaultConfigurationIsVisible = 0;
			defaultConfigurationName = Release;
		};
		5D42FCED2ADD6597004C32CB /* Build configuration list for PBXNativeTarget "TableViewSimpleCell" */ = {
			isa = XCConfigurationList;
			buildConfigurations = (
				5D42FCEE2ADD6597004C32CB /* Debug */,
				5D42FCEF2ADD6597004C32CB /* Release */,
			);
			defaultConfigurationIsVisible = 0;
			defaultConfigurationName = Release;
		};
/* End XCConfigurationList section */
	};
	rootObject = 5D42FCD12ADD6595004C32CB /* Project object */;
}
